
Microsoft Visual Studio Solution File, Format Version 12.00
# Visual Studio Version 17
VisualStudioVersion = 17.1.32319.34
MinimumVisualStudioVersion = 10.0.40219.1
Project("{9A19103F-16F7-4668-BE54-9A1E7A4F7556}") = "GroupJoinIssue", "GroupJoinIssue\GroupJoinIssue.csproj", "{C987FB4D-96E2-4632-A57E-0890F09D446E}"
EndProject
Project("{9A19103F-16F7-4668-BE54-9A1E7A4F7556}") = "Activator", "Activator\Activator.csproj", "{5B79265C-D885-47A0-B16E-32BFE672E6FF}"
EndProject
Project("{FAE04EC0-301F-11D3-BF4B-00C04F79EFBC}") = "CSharp8", "CSharp8\CSharp8.csproj", "{1C39FBF9-43AF-4CE8-A258-BC2AC1FAB9D9}"
EndProject
Global
	GlobalSection(SolutionConfigurationPlatforms) = preSolution
		Debug|Any CPU = Debug|Any CPU
		Release|Any CPU = Release|Any CPU
	EndGlobalSection
	GlobalSection(ProjectConfigurationPlatforms) = postSolution
		{C987FB4D-96E2-4632-A57E-0890F09D446E}.Debug|Any CPU.ActiveCfg = Debug|Any CPU
		{C987FB4D-96E2-4632-A57E-0890F09D446E}.Debug|Any CPU.Build.0 = Debug|Any CPU
		{C987FB4D-96E2-4632-A57E-0890F09D446E}.Release|Any CPU.ActiveCfg = Release|Any CPU
		{C987FB4D-96E2-4632-A57E-0890F09D446E}.Release|Any CPU.Build.0 = Release|Any CPU
		{5B79265C-D885-47A0-B16E-32BFE672E6FF}.Debug|Any CPU.ActiveCfg = Debug|Any CPU
		{5B79265C-D885-47A0-B16E-32BFE672E6FF}.Debug|Any CPU.Build.0 = Debug|Any CPU
		{5B79265C-D885-47A0-B16E-32BFE672E6FF}.Release|Any CPU.ActiveCfg = Release|Any CPU
		{5B79265C-D885-47A0-B16E-32BFE672E6FF}.Release|Any CPU.Build.0 = Release|Any CPU
		{1C39FBF9-43AF-4CE8-A258-BC2AC1FAB9D9}.Debug|Any CPU.ActiveCfg = Debug|Any CPU
		{1C39FBF9-43AF-4CE8-A258-BC2AC1FAB9D9}.Debug|Any CPU.Build.0 = Debug|Any CPU
		{1C39FBF9-43AF-4CE8-A258-BC2AC1FAB9D9}.Release|Any CPU.ActiveCfg = Release|Any CPU
		{1C39FBF9-43AF-4CE8-A258-BC2AC1FAB9D9}.Release|Any CPU.Build.0 = Release|Any CPU
	EndGlobalSection
	GlobalSection(SolutionProperties) = preSolution
		HideSolutionNode = FALSE
	EndGlobalSection
	GlobalSection(ExtensibilityGlobals) = postSolution
		SolutionGuid = {83A01318-8B83-4C55-AC32-BCE075982434}
	EndGlobalSection
EndGlobal
